
Microsoft Visual Studio Solution File, Format Version 12.00
# Visual Studio 15
Project("{FAE04EC0-301F-11D3-BF4B-00C04F79EFBC}") = "Assembly-CSharp", "Assembly-CSharp.csproj", "{863D3B71-88FA-DB1E-9893-A9FF3A2A0C91}"
EndProject
Project("{FAE04EC0-301F-11D3-BF4B-00C04F79EFBC}") = "NavMeshComponents", "NavMeshComponents.csproj", "{708E8390-26CE-04D0-6B70-9F2D7CBB411A}"
EndProject
Project("{FAE04EC0-301F-11D3-BF4B-00C04F79EFBC}") = "NavMeshComponentsEditor", "NavMeshComponentsEditor.csproj", "{89BA64FB-0C95-BD6A-DEE9-3D237A78F67E}"
EndProject
Project("{FAE04EC0-301F-11D3-BF4B-00C04F79EFBC}") = "Assembly-CSharp-Editor", "Assembly-CSharp-Editor.csproj", "{B39BA415-B3FE-F41D-F636-0CA9B826F3D8}"
EndProject
Global
	GlobalSection(SolutionConfigurationPlatforms) = preSolution
		Debug|Any CPU = Debug|Any CPU
		Release|Any CPU = Release|Any CPU
	EndGlobalSection
	GlobalSection(ProjectConfigurationPlatforms) = postSolution
		{863D3B71-88FA-DB1E-9893-A9FF3A2A0C91}.Debug|Any CPU.ActiveCfg = Debug|Any CPU
		{863D3B71-88FA-DB1E-9893-A9FF3A2A0C91}.Debug|Any CPU.Build.0 = Debug|Any CPU
		{863D3B71-88FA-DB1E-9893-A9FF3A2A0C91}.Release|Any CPU.ActiveCfg = Release|Any CPU
		{863D3B71-88FA-DB1E-9893-A9FF3A2A0C91}.Release|Any CPU.Build.0 = Release|Any CPU
		{708E8390-26CE-04D0-6B70-9F2D7CBB411A}.Debug|Any CPU.ActiveCfg = Debug|Any CPU
		{708E8390-26CE-04D0-6B70-9F2D7CBB411A}.Debug|Any CPU.Build.0 = Debug|Any CPU
		{708E8390-26CE-04D0-6B70-9F2D7CBB411A}.Release|Any CPU.ActiveCfg = Release|Any CPU
		{708E8390-26CE-04D0-6B70-9F2D7CBB411A}.Release|Any CPU.Build.0 = Release|Any CPU
		{89BA64FB-0C95-BD6A-DEE9-3D237A78F67E}.Debug|Any CPU.ActiveCfg = Debug|Any CPU
		{89BA64FB-0C95-BD6A-DEE9-3D237A78F67E}.Debug|Any CPU.Build.0 = Debug|Any CPU
		{89BA64FB-0C95-BD6A-DEE9-3D237A78F67E}.Release|Any CPU.ActiveCfg = Release|Any CPU
		{89BA64FB-0C95-BD6A-DEE9-3D237A78F67E}.Release|Any CPU.Build.0 = Release|Any CPU
		{B39BA415-B3FE-F41D-F636-0CA9B826F3D8}.Debug|Any CPU.ActiveCfg = Debug|Any CPU
		{B39BA415-B3FE-F41D-F636-0CA9B826F3D8}.Debug|Any CPU.Build.0 = Debug|Any CPU
		{B39BA415-B3FE-F41D-F636-0CA9B826F3D8}.Release|Any CPU.ActiveCfg = Release|Any CPU
		{B39BA415-B3FE-F41D-F636-0CA9B826F3D8}.Release|Any CPU.Build.0 = Release|Any CPU
	EndGlobalSection
	GlobalSection(SolutionProperties) = preSolution
		HideSolutionNode = FALSE
	EndGlobalSection
EndGlobal
